
Microsoft Visual Studio Solution File, Format Version 12.00
# Visual Studio 15
VisualStudioVersion = 15.0.27130.2027
MinimumVisualStudioVersion = 10.0.40219.1
Project("{FAE04EC0-301F-11D3-BF4B-00C04F79EFBC}") = "NetFrameworkChecker", "NetFrameworkChecker\NetFrameworkChecker.csproj", "{C7EB5848-1DDC-4C38-A2C1-5474BE488D80}"
EndProject
Global
	GlobalSection(SolutionConfigurationPlatforms) = preSolution
		Debug|Any CPU = Debug|Any CPU
		Release|Any CPU = Release|Any CPU
	EndGlobalSection
	GlobalSection(ProjectConfigurationPlatforms) = postSolution
		{C7EB5848-1DDC-4C38-A2C1-5474BE488D80}.Debug|Any CPU.ActiveCfg = Debug|Any CPU
		{C7EB5848-1DDC-4C38-A2C1-5474BE488D80}.Debug|Any CPU.Build.0 = Debug|Any CPU
		{C7EB5848-1DDC-4C38-A2C1-5474BE488D80}.Release|Any CPU.ActiveCfg = Release|Any CPU
		{C7EB5848-1DDC-4C38-A2C1-5474BE488D80}.Release|Any CPU.Build.0 = Release|Any CPU
	EndGlobalSection
	GlobalSection(SolutionProperties) = preSolution
		HideSolutionNode = FALSE
	EndGlobalSection
	GlobalSection(ExtensibilityGlobals) = postSolution
		SolutionGuid = {78DE14CD-4DC7-4C81-B9AD-B89C1F01B79E}
	EndGlobalSection
EndGlobal
